
Microsoft Visual Studio Solution File, Format Version 12.00
# Visual Studio Version 17
VisualStudioVersion = 17.7.34024.191
MinimumVisualStudioVersion = 10.0.40219.1
Project("{FAE04EC0-301F-11D3-BF4B-00C04F79EFBC}") = "Battle_Command", "Battle_Command\Battle_Command.csproj", "{30BDF94C-5CA6-456A-9FD8-4CE72DECACD0}"
EndProject
Global
	GlobalSection(SolutionConfigurationPlatforms) = preSolution
		Debug|Any CPU = Debug|Any CPU
		Release|Any CPU = Release|Any CPU
	EndGlobalSection
	GlobalSection(ProjectConfigurationPlatforms) = postSolution
		{30BDF94C-5CA6-456A-9FD8-4CE72DECACD0}.Debug|Any CPU.ActiveCfg = Debug|Any CPU
		{30BDF94C-5CA6-456A-9FD8-4CE72DECACD0}.Debug|Any CPU.Build.0 = Debug|Any CPU
		{30BDF94C-5CA6-456A-9FD8-4CE72DECACD0}.Release|Any CPU.ActiveCfg = Release|Any CPU
		{30BDF94C-5CA6-456A-9FD8-4CE72DECACD0}.Release|Any CPU.Build.0 = Release|Any CPU
	EndGlobalSection
	GlobalSection(SolutionProperties) = preSolution
		HideSolutionNode = FALSE
	EndGlobalSection
	GlobalSection(ExtensibilityGlobals) = postSolution
		SolutionGuid = {EE2C19C5-BA3C-40DC-B2B4-F6EB2568BC6C}
	EndGlobalSection
EndGlobal
